
Microsoft Visual Studio Solution File, Format Version 12.00
# Visual Studio Version 17
VisualStudioVersion = 17.3.32901.215
MinimumVisualStudioVersion = 10.0.40219.1
Project("{FAE04EC0-301F-11D3-BF4B-00C04F79EFBC}") = "WindowsFormsApp5", "WindowsFormsApp5\WindowsFormsApp5.csproj", "{0F27847B-11B8-44DF-A050-F2C341D6D303}"
EndProject
Global
	GlobalSection(SolutionConfigurationPlatforms) = preSolution
		Debug|Any CPU = Debug|Any CPU
		Release|Any CPU = Release|Any CPU
	EndGlobalSection
	GlobalSection(ProjectConfigurationPlatforms) = postSolution
		{0F27847B-11B8-44DF-A050-F2C341D6D303}.Debug|Any CPU.ActiveCfg = Debug|Any CPU
		{0F27847B-11B8-44DF-A050-F2C341D6D303}.Debug|Any CPU.Build.0 = Debug|Any CPU
		{0F27847B-11B8-44DF-A050-F2C341D6D303}.Release|Any CPU.ActiveCfg = Release|Any CPU
		{0F27847B-11B8-44DF-A050-F2C341D6D303}.Release|Any CPU.Build.0 = Release|Any CPU
	EndGlobalSection
	GlobalSection(SolutionProperties) = preSolution
		HideSolutionNode = FALSE
	EndGlobalSection
	GlobalSection(ExtensibilityGlobals) = postSolution
		SolutionGuid = {41209DBE-DADF-4B53-A530-70D2AE5E066A}
	EndGlobalSection
EndGlobal
